// !$*UTF8*$!
{
	archiveVersion = 1;
	classes = {
	};
	objectVersion = 56;
	objects = {

/* Begin PBXBuildFile section */
		706D8F6E2C3F429E0092AC10 /* JobTrackerApp.swift in Sources */ = {isa = PBXBuildFile; fileRef = 706D8F6D2C3F429E0092AC10 /* JobTrackerApp.swift */; };
		706D8F702C3F429E0092AC10 /* ContentView.swift in Sources */ = {isa = PBXBuildFile; fileRef = 706D8F6F2C3F429E0092AC10 /* ContentView.swift */; };
		706D8F722C3F42A20092AC10 /* Assets.xcassets in Resources */ = {isa = PBXBuildFile; fileRef = 706D8F712C3F42A20092AC10 /* Assets.xcassets */; };
		706D8F752C3F42A20092AC10 /* Preview Assets.xcassets in Resources */ = {isa = PBXBuildFile; fileRef = 706D8F742C3F42A20092AC10 /* Preview Assets.xcassets */; };
		706D8F7C2C3F42C60092AC10 /* Job.swift in Sources */ = {isa = PBXBuildFile; fileRef = 706D8F7B2C3F42C60092AC10 /* Job.swift */; };
		706D8F7E2C3F43710092AC10 /* JobListViewModel.swift in Sources */ = {isa = PBXBuildFile; fileRef = 706D8F7D2C3F43710092AC10 /* JobListViewModel.swift */; };
		706D8F802C3F45850092AC10 /* AddJobView.swift in Sources */ = {isa = PBXBuildFile; fileRef = 706D8F7F2C3F45850092AC10 /* AddJobView.swift */; };
		706D8F822C3F47D00092AC10 /* EditJobView.swift in Sources */ = {isa = PBXBuildFile; fileRef = 706D8F812C3F47D00092AC10 /* EditJobView.swift */; };
		706D8F842C3F4E3F0092AC10 /* JobDetailsView.swift in Sources */ = {isa = PBXBuildFile; fileRef = 706D8F832C3F4E3F0092AC10 /* JobDetailsView.swift */; };
		706D8F862C3F8AF00092AC10 /* JobCardView.swift in Sources */ = {isa = PBXBuildFile; fileRef = 706D8F852C3F8AF00092AC10 /* JobCardView.swift */; };
/* End PBXBuildFile section */

/* Begin PBXFileReference section */
		706D8F6A2C3F429E0092AC10 /* JobTracker.app */ = {isa = PBXFileReference; explicitFileType = wrapper.application; includeInIndex = 0; path = JobTracker.app; sourceTree = BUILT_PRODUCTS_DIR; };
		706D8F6D2C3F429E0092AC10 /* JobTrackerApp.swift */ = {isa = PBXFileReference; lastKnownFileType = sourcecode.swift; path = JobTrackerApp.swift; sourceTree = "<group>"; };
		706D8F6F2C3F429E0092AC10 /* ContentView.swift */ = {isa = PBXFileReference; lastKnownFileType = sourcecode.swift; path = ContentView.swift; sourceTree = "<group>"; };
		706D8F712C3F42A20092AC10 /* Assets.xcassets */ = {isa = PBXFileReference; lastKnownFileType = folder.assetcatalog; path = Assets.xcassets; sourceTree = "<group>"; };
		706D8F742C3F42A20092AC10 /* Preview Assets.xcassets */ = {isa = PBXFileReference; lastKnownFileType = folder.assetcatalog; path = "Preview Assets.xcassets"; sourceTree = "<group>"; };
		706D8F7B2C3F42C60092AC10 /* Job.swift */ = {isa = PBXFileReference; lastKnownFileType = sourcecode.swift; path = Job.swift; sourceTree = "<group>"; };
		706D8F7D2C3F43710092AC10 /* JobListViewModel.swift */ = {isa = PBXFileReference; lastKnownFileType = sourcecode.swift; path = JobListViewModel.swift; sourceTree = "<group>"; };
		706D8F7F2C3F45850092AC10 /* AddJobView.swift */ = {isa = PBXFileReference; lastKnownFileType = sourcecode.swift; path = AddJobView.swift; sourceTree = "<group>"; };
		706D8F812C3F47D00092AC10 /* EditJobView.swift */ = {isa = PBXFileReference; lastKnownFileType = sourcecode.swift; path = EditJobView.swift; sourceTree = "<group>"; };
		706D8F832C3F4E3F0092AC10 /* JobDetailsView.swift */ = {isa = PBXFileReference; lastKnownFileType = sourcecode.swift; path = JobDetailsView.swift; sourceTree = "<group>"; };
		706D8F852C3F8AF00092AC10 /* JobCardView.swift */ = {isa = PBXFileReference; lastKnownFileType = sourcecode.swift; path = JobCardView.swift; sourceTree = "<group>"; };
/* End PBXFileReference section */

/* Begin PBXFrameworksBuildPhase section */
		706D8F672C3F429E0092AC10 /* Frameworks */ = {
			isa = PBXFrameworksBuildPhase;
			buildActionMask = 2147483647;
			files = (
			);
			runOnlyForDeploymentPostprocessing = 0;
		};
/* End PBXFrameworksBuildPhase section */

/* Begin PBXGroup section */
		706D8F612C3F429E0092AC10 = {
			isa = PBXGroup;
			children = (
				706D8F6C2C3F429E0092AC10 /* JobTracker */,
				706D8F6B2C3F429E0092AC10 /* Products */,
			);
			sourceTree = "<group>";
		};
		706D8F6B2C3F429E0092AC10 /* Products */ = {
			isa = PBXGroup;
			children = (
				706D8F6A2C3F429E0092AC10 /* JobTracker.app */,
			);
			name = Products;
			sourceTree = "<group>";
		};
		706D8F6C2C3F429E0092AC10 /* JobTracker */ = {
			isa = PBXGroup;
			children = (
				706D8F6D2C3F429E0092AC10 /* JobTrackerApp.swift */,
				706D8F6F2C3F429E0092AC10 /* ContentView.swift */,
				706D8F832C3F4E3F0092AC10 /* JobDetailsView.swift */,
				706D8F7F2C3F45850092AC10 /* AddJobView.swift */,
				706D8F7B2C3F42C60092AC10 /* Job.swift */,
				706D8F7D2C3F43710092AC10 /* JobListViewModel.swift */,
				706D8F812C3F47D00092AC10 /* EditJobView.swift */,
				706D8F852C3F8AF00092AC10 /* JobCardView.swift */,
				706D8F712C3F42A20092AC10 /* Assets.xcassets */,
				706D8F732C3F42A20092AC10 /* Preview Content */,
			);
			path = JobTracker;
			sourceTree = "<group>";
		};
		706D8F732C3F42A20092AC10 /* Preview Content */ = {
			isa = PBXGroup;
			children = (
				706D8F742C3F42A20092AC10 /* Preview Assets.xcassets */,
			);
			path = "Preview Content";
			sourceTree = "<group>";
		};
/* End PBXGroup section */

/* Begin PBXNativeTarget section */
		706D8F692C3F429E0092AC10 /* JobTracker */ = {
			isa = PBXNativeTarget;
			buildConfigurationList = 706D8F782C3F42A20092AC10 /* Build configuration list for PBXNativeTarget "JobTracker" */;
			buildPhases = (
				706D8F662C3F429E0092AC10 /* Sources */,
				706D8F672C3F429E0092AC10 /* Frameworks */,
				706D8F682C3F429E0092AC10 /* Resources */,
			);
			buildRules = (
			);
			dependencies = (
			);
			name = JobTracker;
			productName = JobTracker;
			productReference = 706D8F6A2C3F429E0092AC10 /* JobTracker.app */;
			productType = "com.apple.product-type.application";
		};
/* End PBXNativeTarget section */

/* Begin PBXProject section */
		706D8F622C3F429E0092AC10 /* Project object */ = {
			isa = PBXProject;
			attributes = {
				BuildIndependentTargetsInParallel = 1;
				LastSwiftUpdateCheck = 1540;
				LastUpgradeCheck = 1540;
				TargetAttributes = {
					706D8F692C3F429E0092AC10 = {
						CreatedOnToolsVersion = 15.4;
					};
				};
			};
			buildConfigurationList = 706D8F652C3F429E0092AC10 /* Build configuration list for PBXProject "JobTracker" */;
			compatibilityVersion = "Xcode 14.0";
			developmentRegion = en;
			hasScannedForEncodings = 0;
			knownRegions = (
				en,
				Base,
			);
			mainGroup = 706D8F612C3F429E0092AC10;
			productRefGroup = 706D8F6B2C3F429E0092AC10 /* Products */;
			projectDirPath = "";
			projectRoot = "";
			targets = (
				706D8F692C3F429E0092AC10 /* JobTracker */,
			);
		};
/* End PBXProject section */

/* Begin PBXResourcesBuildPhase section */
		706D8F682C3F429E0092AC10 /* Resources */ = {
			isa = PBXResourcesBuildPhase;
			buildActionMask = 2147483647;
			files = (
				706D8F752C3F42A20092AC10 /* Preview Assets.xcassets in Resources */,
				706D8F722C3F42A20092AC10 /* Assets.xcassets in Resources */,
			);
			runOnlyForDeploymentPostprocessing = 0;
		};
/* End PBXResourcesBuildPhase section */

/* Begin PBXSourcesBuildPhase section */
		706D8F662C3F429E0092AC10 /* Sources */ = {
			isa = PBXSourcesBuildPhase;
			buildActionMask = 2147483647;
			files = (
				706D8F822C3F47D00092AC10 /* EditJobView.swift in Sources */,
				706D8F802C3F45850092AC10 /* AddJobView.swift in Sources */,
				706D8F7E2C3F43710092AC10 /* JobListViewModel.swift in Sources */,
				706D8F702C3F429E0092AC10 /* ContentView.swift in Sources */,
				706D8F862C3F8AF00092AC10 /* JobCardView.swift in Sources */,
				706D8F7C2C3F42C60092AC10 /* Job.swift in Sources */,
				706D8F6E2C3F429E0092AC10 /* JobTrackerApp.swift in Sources */,
				706D8F842C3F4E3F0092AC10 /* JobDetailsView.swift in Sources */,
			);
			runOnlyForDeploymentPostprocessing = 0;
		};
/* End PBXSourcesBuildPhase section */

/* Begin XCBuildConfiguration section */
		706D8F762C3F42A20092AC10 /* Debug */ = {
			isa = XCBuildConfiguration;
			buildSettings = {
				ALWAYS_SEARCH_USER_PATHS = NO;
				ASSETCATALOG_COMPILER_GENERATE_SWIFT_ASSET_SYMBOL_EXTENSIONS = YES;
				CLANG_ANALYZER_NONNULL = YES;
				CLANG_ANALYZER_NUMBER_OBJECT_CONVERSION = YES_AGGRESSIVE;
				CLANG_CXX_LANGUAGE_STANDARD = "gnu++20";
				CLANG_ENABLE_MODULES = YES;
				CLANG_ENABLE_OBJC_ARC = YES;
				CLANG_ENABLE_OBJC_WEAK = YES;
				CLANG_WARN_BLOCK_CAPTURE_AUTORELEASING = YES;
				CLANG_WARN_BOOL_CONVERSION = YES;
				CLANG_WARN_COMMA = YES;
				CLANG_WARN_CONSTANT_CONVERSION = YES;
				CLANG_WARN_DEPRECATED_OBJC_IMPLEMENTATIONS = YES;
				CLANG_WARN_DIRECT_OBJC_ISA_USAGE = YES_ERROR;
				CLANG_WARN_DOCUMENTATION_COMMENTS = YES;
				CLANG_WARN_EMPTY_BODY = YES;
				CLANG_WARN_ENUM_CONVERSION = YES;
				CLANG_WARN_INFINITE_RECURSION = YES;
				CLANG_WARN_INT_CONVERSION = YES;
				CLANG_WARN_NON_LITERAL_NULL_CONVERSION = YES;
				CLANG_WARN_OBJC_IMPLICIT_RETAIN_SELF = YES;
				CLANG_WARN_OBJC_LITERAL_CONVERSION = YES;
				CLANG_WARN_OBJC_ROOT_CLASS = YES_ERROR;
				CLANG_WARN_QUOTED_INCLUDE_IN_FRAMEWORK_HEADER = YES;
				CLANG_WARN_RANGE_LOOP_ANALYSIS = YES;
				CLANG_WARN_STRICT_PROTOTYPES = YES;
				CLANG_WARN_SUSPICIOUS_MOVE = YES;
				CLANG_WARN_UNGUARDED_AVAILABILITY = YES_AGGRESSIVE;
				CLANG_WARN_UNREACHABLE_CODE = YES;
				CLANG_WARN__DUPLICATE_METHOD_MATCH = YES;
				COPY_PHASE_STRIP = NO;
				DEBUG_INFORMATION_FORMAT = dwarf;
				ENABLE_STRICT_OBJC_MSGSEND = YES;
				ENABLE_TESTABILITY = YES;
				ENABLE_USER_SCRIPT_SANDBOXING = YES;
				GCC_C_LANGUAGE_STANDARD = gnu17;
				GCC_DYNAMIC_NO_PIC = NO;
				GCC_NO_COMMON_BLOCKS = YES;
				GCC_OPTIMIZATION_LEVEL = 0;
				GCC_PREPROCESSOR_DEFINITIONS = (
					"DEBUG=1",
					"$(inherited)",
				);
				GCC_WARN_64_TO_32_BIT_CONVERSION = YES;
				GCC_WARN_ABOUT_RETURN_TYPE = YES_ERROR;
				GCC_WARN_UNDECLARED_SELECTOR = YES;
				GCC_WARN_UNINITIALIZED_AUTOS = YES_AGGRESSIVE;
				GCC_WARN_UNUSED_FUNCTION = YES;
				GCC_WARN_UNUSED_VARIABLE = YES;
				IPHONEOS_DEPLOYMENT_TARGET = 17.5;
				LOCALIZATION_PREFERS_STRING_CATALOGS = YES;
				MTL_ENABLE_DEBUG_INFO = INCLUDE_SOURCE;
				MTL_FAST_MATH = YES;
				ONLY_ACTIVE_ARCH = YES;
				SDKROOT = iphoneos;
				SWIFT_ACTIVE_COMPILATION_CONDITIONS = "DEBUG $(inherited)";
				SWIFT_OPTIMIZATION_LEVEL = "-Onone";
			};
			name = Debug;
		};
		706D8F772C3F42A20092AC10 /* Release */ = {
			isa = XCBuildConfiguration;
			buildSettings = {
				ALWAYS_SEARCH_USER_PATHS = NO;
				ASSETCATALOG_COMPILER_GENERATE_SWIFT_ASSET_SYMBOL_EXTENSIONS = YES;
				CLANG_ANALYZER_NONNULL = YES;
				CLANG_ANALYZER_NUMBER_OBJECT_CONVERSION = YES_AGGRESSIVE;
				CLANG_CXX_LANGUAGE_STANDARD = "gnu++20";
				CLANG_ENABLE_MODULES = YES;
				CLANG_ENABLE_OBJC_ARC = YES;
				CLANG_ENABLE_OBJC_WEAK = YES;
				CLANG_WARN_BLOCK_CAPTURE_AUTORELEASING = YES;
				CLANG_WARN_BOOL_CONVERSION = YES;
				CLANG_WARN_COMMA = YES;
				CLANG_WARN_CONSTANT_CONVERSION = YES;
				CLANG_WARN_DEPRECATED_OBJC_IMPLEMENTATIONS = YES;
				CLANG_WARN_DIRECT_OBJC_ISA_USAGE = YES_ERROR;
				CLANG_WARN_DOCUMENTATION_COMMENTS = YES;
				CLANG_WARN_EMPTY_BODY = YES;
				CLANG_WARN_ENUM_CONVERSION = YES;
				CLANG_WARN_INFINITE_RECURSION = YES;
				CLANG_WARN_INT_CONVERSION = YES;
				CLANG_WARN_NON_LITERAL_NULL_CONVERSION = YES;
				CLANG_WARN_OBJC_IMPLICIT_RETAIN_SELF = YES;
				CLANG_WARN_OBJC_LITERAL_CONVERSION = YES;
				CLANG_WARN_OBJC_ROOT_CLASS = YES_ERROR;
				CLANG_WARN_QUOTED_INCLUDE_IN_FRAMEWORK_HEADER = YES;
				CLANG_WARN_RANGE_LOOP_ANALYSIS = YES;
				CLANG_WARN_STRICT_PROTOTYPES = YES;
				CLANG_WARN_SUSPICIOUS_MOVE = YES;
				CLANG_WARN_UNGUARDED_AVAILABILITY = YES_AGGRESSIVE;
				CLANG_WARN_UNREACHABLE_CODE = YES;
				CLANG_WARN__DUPLICATE_METHOD_MATCH = YES;
				COPY_PHASE_STRIP = NO;
				DEBUG_INFORMATION_FORMAT = "dwarf-with-dsym";
				ENABLE_NS_ASSERTIONS = NO;
				ENABLE_STRICT_OBJC_MSGSEND = YES;
				ENABLE_USER_SCRIPT_SANDBOXING = YES;
				GCC_C_LANGUAGE_STANDARD = gnu17;
				GCC_NO_COMMON_BLOCKS = YES;
				GCC_WARN_64_TO_32_BIT_CONVERSION = YES;
				GCC_WARN_ABOUT_RETURN_TYPE = YES_ERROR;
				GCC_WARN_UNDECLARED_SELECTOR = YES;
				GCC_WARN_UNINITIALIZED_AUTOS = YES_AGGRESSIVE;
				GCC_WARN_UNUSED_FUNCTION = YES;
				GCC_WARN_UNUSED_VARIABLE = YES;
				IPHONEOS_DEPLOYMENT_TARGET = 17.5;
				LOCALIZATION_PREFERS_STRING_CATALOGS = YES;
				MTL_ENABLE_DEBUG_INFO = NO;
				MTL_FAST_MATH = YES;
				SDKROOT = iphoneos;
				SWIFT_COMPILATION_MODE = wholemodule;
				VALIDATE_PRODUCT = YES;
			};
			name = Release;
		};
		706D8F792C3F42A20092AC10 /* Debug */ = {
			isa = XCBuildConfiguration;
			buildSettings = {
				ASSETCATALOG_COMPILER_APPICON_NAME = AppIcon;
				ASSETCATALOG_COMPILER_GLOBAL_ACCENT_COLOR_NAME = AccentColor;
				CODE_SIGN_STYLE = Automatic;
				CURRENT_PROJECT_VERSION = 1;
				DEVELOPMENT_ASSET_PATHS = "\"JobTracker/Preview Content\"";
				DEVELOPMENT_TEAM = Y3Y6385Y2V;
				ENABLE_PREVIEWS = YES;
				GENERATE_INFOPLIST_FILE = YES;
				INFOPLIST_KEY_UIApplicationSceneManifest_Generation = YES;
				INFOPLIST_KEY_UIApplicationSupportsIndirectInputEvents = YES;
				INFOPLIST_KEY_UILaunchScreen_Generation = YES;
				INFOPLIST_KEY_UISupportedInterfaceOrientations_iPad = "UIInterfaceOrientationPortrait UIInterfaceOrientationPortraitUpsideDown UIInterfaceOrientationLandscapeLeft UIInterfaceOrientationLandscapeRight";
				INFOPLIST_KEY_UISupportedInterfaceOrientations_iPhone = "UIInterfaceOrientationPortrait UIInterfaceOrientationLandscapeLeft UIInterfaceOrientationLandscapeRight";
				LD_RUNPATH_SEARCH_PATHS = (
					"$(inherited)",
					"@executable_path/Frameworks",
				);
				MARKETING_VERSION = 1.0;
				PRODUCT_BUNDLE_IDENTIFIER = com.robmgl.JobTracker;
				PRODUCT_NAME = "$(TARGET_NAME)";
				SWIFT_EMIT_LOC_STRINGS = YES;
				SWIFT_VERSION = 5.0;
				TARGETED_DEVICE_FAMILY = "1,2";
			};
			name = Debug;
		};
		706D8F7A2C3F42A20092AC10 /* Release */ = {
			isa = XCBuildConfiguration;
			buildSettings = {
				ASSETCATALOG_COMPILER_APPICON_NAME = AppIcon;
				ASSETCATALOG_COMPILER_GLOBAL_ACCENT_COLOR_NAME = AccentColor;
				CODE_SIGN_STYLE = Automatic;
				CURRENT_PROJECT_VERSION = 1;
				DEVELOPMENT_ASSET_PATHS = "\"JobTracker/Preview Content\"";
				DEVELOPMENT_TEAM = Y3Y6385Y2V;
				ENABLE_PREVIEWS = YES;
				GENERATE_INFOPLIST_FILE = YES;
				INFOPLIST_KEY_UIApplicationSceneManifest_Generation = YES;
				INFOPLIST_KEY_UIApplicationSupportsIndirectInputEvents = YES;
				INFOPLIST_KEY_UILaunchScreen_Generation = YES;
				INFOPLIST_KEY_UISupportedInterfaceOrientations_iPad = "UIInterfaceOrientationPortrait UIInterfaceOrientationPortraitUpsideDown UIInterfaceOrientationLandscapeLeft UIInterfaceOrientationLandscapeRight";
				INFOPLIST_KEY_UISupportedInterfaceOrientations_iPhone = "UIInterfaceOrientationPortrait UIInterfaceOrientationLandscapeLeft UIInterfaceOrientationLandscapeRight";
				LD_RUNPATH_SEARCH_PATHS = (
					"$(inherited)",
					"@executable_path/Frameworks",
				);
				MARKETING_VERSION = 1.0;
				PRODUCT_BUNDLE_IDENTIFIER = com.robmgl.JobTracker;
				PRODUCT_NAME = "$(TARGET_NAME)";
				SWIFT_EMIT_LOC_STRINGS = YES;
				SWIFT_VERSION = 5.0;
				TARGETED_DEVICE_FAMILY = "1,2";
			};
			name = Release;
		};
/* End XCBuildConfiguration section */

/* Begin XCConfigurationList section */
		706D8F652C3F429E0092AC10 /* Build configuration list for PBXProject "JobTracker" */ = {
			isa = XCConfigurationList;
			buildConfigurations = (
				706D8F762C3F42A20092AC10 /* Debug */,
				706D8F772C3F42A20092AC10 /* Release */,
			);
			defaultConfigurationIsVisible = 0;
			defaultConfigurationName = Release;
		};
		706D8F782C3F42A20092AC10 /* Build configuration list for PBXNativeTarget "JobTracker" */ = {
			isa = XCConfigurationList;
			buildConfigurations = (
				706D8F792C3F42A20092AC10 /* Debug */,
				706D8F7A2C3F42A20092AC10 /* Release */,
			);
			defaultConfigurationIsVisible = 0;
			defaultConfigurationName = Release;
		};
/* End XCConfigurationList section */
	};
	rootObject = 706D8F622C3F429E0092AC10 /* Project object */;
}
